
Microsoft Visual Studio Solution File, Format Version 12.00
# Visual Studio Version 17
VisualStudioVersion = 17.1.32228.430
MinimumVisualStudioVersion = 10.0.40219.1
Project("{6EC3EE1D-3C4E-46DD-8F32-0CC8E7565705}") = "DatePuzzle", "DatePuzzle.fsproj", "{AD0237F2-FFA6-4400-9E23-D22EC50ABFAE}"
EndProject
Global
	GlobalSection(SolutionConfigurationPlatforms) = preSolution
		Debug|Any CPU = Debug|Any CPU
		Release|Any CPU = Release|Any CPU
	EndGlobalSection
	GlobalSection(ProjectConfigurationPlatforms) = postSolution
		{AD0237F2-FFA6-4400-9E23-D22EC50ABFAE}.Debug|Any CPU.ActiveCfg = Debug|Any CPU
		{AD0237F2-FFA6-4400-9E23-D22EC50ABFAE}.Debug|Any CPU.Build.0 = Debug|Any CPU
		{AD0237F2-FFA6-4400-9E23-D22EC50ABFAE}.Release|Any CPU.ActiveCfg = Release|Any CPU
		{AD0237F2-FFA6-4400-9E23-D22EC50ABFAE}.Release|Any CPU.Build.0 = Release|Any CPU
	EndGlobalSection
	GlobalSection(SolutionProperties) = preSolution
		HideSolutionNode = FALSE
	EndGlobalSection
	GlobalSection(ExtensibilityGlobals) = postSolution
		SolutionGuid = {3510D203-3A7C-4C4C-88FC-6435E2BF7990}
	EndGlobalSection
EndGlobal
